// !$*UTF8*$!
{
	archiveVersion = 1;
	classes = {
	};
	objectVersion = 50;
	objects = {

/* Begin PBXBuildFile section */
		5F6042D2253B94DA0052B76C /* CategoryCell.swift in Sources */ = {isa = PBXBuildFile; fileRef = 5F6042D1253B94DA0052B76C /* CategoryCell.swift */; };
		5FB2BB57253ADE7900D6652B /* AppDelegate.swift in Sources */ = {isa = PBXBuildFile; fileRef = 5FB2BB56253ADE7900D6652B /* AppDelegate.swift */; };
		5FB2BB59253ADE7900D6652B /* SceneDelegate.swift in Sources */ = {isa = PBXBuildFile; fileRef = 5FB2BB58253ADE7900D6652B /* SceneDelegate.swift */; };
		5FB2BB5B253ADE7900D6652B /* HomeViewController.swift in Sources */ = {isa = PBXBuildFile; fileRef = 5FB2BB5A253ADE7900D6652B /* HomeViewController.swift */; };
		5FB2BB5E253ADE7900D6652B /* Main.storyboard in Resources */ = {isa = PBXBuildFile; fileRef = 5FB2BB5C253ADE7900D6652B /* Main.storyboard */; };
		5FB2BB60253ADE7B00D6652B /* Assets.xcassets in Resources */ = {isa = PBXBuildFile; fileRef = 5FB2BB5F253ADE7B00D6652B /* Assets.xcassets */; };
		5FB2BB63253ADE7B00D6652B /* LaunchScreen.storyboard in Resources */ = {isa = PBXBuildFile; fileRef = 5FB2BB61253ADE7B00D6652B /* LaunchScreen.storyboard */; };
		5FB2BB6E253ADE7C00D6652B /* _SPOTIFY_Tests.swift in Sources */ = {isa = PBXBuildFile; fileRef = 5FB2BB6D253ADE7C00D6652B /* _SPOTIFY_Tests.swift */; };
		5FB2BB79253ADE7C00D6652B /* _SPOTIFY_UITests.swift in Sources */ = {isa = PBXBuildFile; fileRef = 5FB2BB78253ADE7C00D6652B /* _SPOTIFY_UITests.swift */; };
		5FB2BB8A253AE14E00D6652B /* categories.json in Resources */ = {isa = PBXBuildFile; fileRef = 5FB2BB89253AE14E00D6652B /* categories.json */; };
		5FB2BB92253AE1C100D6652B /* song-1.mp3 in Resources */ = {isa = PBXBuildFile; fileRef = 5FB2BB8E253AE1C000D6652B /* song-1.mp3 */; };
		5FB2BB93253AE1C100D6652B /* song-2.mp3 in Resources */ = {isa = PBXBuildFile; fileRef = 5FB2BB8F253AE1C100D6652B /* song-2.mp3 */; };
		5FB2BB94253AE1C100D6652B /* song-0.mp3 in Resources */ = {isa = PBXBuildFile; fileRef = 5FB2BB90253AE1C100D6652B /* song-0.mp3 */; };
		5FB2BB95253AE1C100D6652B /* free-song.mp3 in Resources */ = {isa = PBXBuildFile; fileRef = 5FB2BB91253AE1C100D6652B /* free-song.mp3 */; };
		5FB2BBA3253AE2F000D6652B /* SongViewController.swift in Sources */ = {isa = PBXBuildFile; fileRef = 5FB2BBA2253AE2F000D6652B /* SongViewController.swift */; };
		5FB2BBA8253AE32A00D6652B /* AlbumViewController.swift in Sources */ = {isa = PBXBuildFile; fileRef = 5FB2BBA7253AE32A00D6652B /* AlbumViewController.swift */; };
		5FB2BBAD253AE55800D6652B /* Song.swift in Sources */ = {isa = PBXBuildFile; fileRef = 5FB2BBAC253AE55800D6652B /* Song.swift */; };
		5FB2BBB2253AE56B00D6652B /* Album.swift in Sources */ = {isa = PBXBuildFile; fileRef = 5FB2BBB1253AE56B00D6652B /* Album.swift */; };
		5FB2BBB7253AE58500D6652B /* Category.swift in Sources */ = {isa = PBXBuildFile; fileRef = 5FB2BBB6253AE58500D6652B /* Category.swift */; };
		5FB2BBC1253AE91900D6652B /* CategoryService.swift in Sources */ = {isa = PBXBuildFile; fileRef = 5FB2BBC0253AE91900D6652B /* CategoryService.swift */; };
		5FB2BBC9253AE92A00D6652B /* AlbumService.swift in Sources */ = {isa = PBXBuildFile; fileRef = 5FB2BBC8253AE92A00D6652B /* AlbumService.swift */; };
		5FB2BBCE253AE95A00D6652B /* SongService.swift in Sources */ = {isa = PBXBuildFile; fileRef = 5FB2BBCD253AE95A00D6652B /* SongService.swift */; };
		5FB5B176253B9B150096305A /* AlbumCell.swift in Sources */ = {isa = PBXBuildFile; fileRef = 5FB5B175253B9B150096305A /* AlbumCell.swift */; };
/* End PBXBuildFile section */

/* Begin PBXContainerItemProxy section */
		5FB2BB6A253ADE7C00D6652B /* PBXContainerItemProxy */ = {
			isa = PBXContainerItemProxy;
			containerPortal = 5FB2BB4B253ADE7900D6652B /* Project object */;
			proxyType = 1;
			remoteGlobalIDString = 5FB2BB52253ADE7900D6652B;
			remoteInfo = "!SPOTIFY!";
		};
		5FB2BB75253ADE7C00D6652B /* PBXContainerItemProxy */ = {
			isa = PBXContainerItemProxy;
			containerPortal = 5FB2BB4B253ADE7900D6652B /* Project object */;
			proxyType = 1;
			remoteGlobalIDString = 5FB2BB52253ADE7900D6652B;
			remoteInfo = "!SPOTIFY!";
		};
/* End PBXContainerItemProxy section */

/* Begin PBXFileReference section */
		5F6042D1253B94DA0052B76C /* CategoryCell.swift */ = {isa = PBXFileReference; lastKnownFileType = sourcecode.swift; path = CategoryCell.swift; sourceTree = "<group>"; };
		5FB2BB53253ADE7900D6652B /* !SPOTIFY!.app */ = {isa = PBXFileReference; explicitFileType = wrapper.application; includeInIndex = 0; path = "!SPOTIFY!.app"; sourceTree = BUILT_PRODUCTS_DIR; };
		5FB2BB56253ADE7900D6652B /* AppDelegate.swift */ = {isa = PBXFileReference; lastKnownFileType = sourcecode.swift; path = AppDelegate.swift; sourceTree = "<group>"; };
		5FB2BB58253ADE7900D6652B /* SceneDelegate.swift */ = {isa = PBXFileReference; lastKnownFileType = sourcecode.swift; path = SceneDelegate.swift; sourceTree = "<group>"; };
		5FB2BB5A253ADE7900D6652B /* HomeViewController.swift */ = {isa = PBXFileReference; lastKnownFileType = sourcecode.swift; path = HomeViewController.swift; sourceTree = "<group>"; };
		5FB2BB5D253ADE7900D6652B /* Base */ = {isa = PBXFileReference; lastKnownFileType = file.storyboard; name = Base; path = Base.lproj/Main.storyboard; sourceTree = "<group>"; };
		5FB2BB5F253ADE7B00D6652B /* Assets.xcassets */ = {isa = PBXFileReference; lastKnownFileType = folder.assetcatalog; path = Assets.xcassets; sourceTree = "<group>"; };
		5FB2BB62253ADE7B00D6652B /* Base */ = {isa = PBXFileReference; lastKnownFileType = file.storyboard; name = Base; path = Base.lproj/LaunchScreen.storyboard; sourceTree = "<group>"; };
		5FB2BB64253ADE7B00D6652B /* Info.plist */ = {isa = PBXFileReference; lastKnownFileType = text.plist.xml; path = Info.plist; sourceTree = "<group>"; };
		5FB2BB69253ADE7C00D6652B /* !SPOTIFY!Tests.xctest */ = {isa = PBXFileReference; explicitFileType = wrapper.cfbundle; includeInIndex = 0; path = "!SPOTIFY!Tests.xctest"; sourceTree = BUILT_PRODUCTS_DIR; };
		5FB2BB6D253ADE7C00D6652B /* _SPOTIFY_Tests.swift */ = {isa = PBXFileReference; lastKnownFileType = sourcecode.swift; path = _SPOTIFY_Tests.swift; sourceTree = "<group>"; };
		5FB2BB6F253ADE7C00D6652B /* Info.plist */ = {isa = PBXFileReference; lastKnownFileType = text.plist.xml; path = Info.plist; sourceTree = "<group>"; };
		5FB2BB74253ADE7C00D6652B /* !SPOTIFY!UITests.xctest */ = {isa = PBXFileReference; explicitFileType = wrapper.cfbundle; includeInIndex = 0; path = "!SPOTIFY!UITests.xctest"; sourceTree = BUILT_PRODUCTS_DIR; };
		5FB2BB78253ADE7C00D6652B /* _SPOTIFY_UITests.swift */ = {isa = PBXFileReference; lastKnownFileType = sourcecode.swift; path = _SPOTIFY_UITests.swift; sourceTree = "<group>"; };
		5FB2BB7A253ADE7C00D6652B /* Info.plist */ = {isa = PBXFileReference; lastKnownFileType = text.plist.xml; path = Info.plist; sourceTree = "<group>"; };
		5FB2BB89253AE14E00D6652B /* categories.json */ = {isa = PBXFileReference; fileEncoding = 4; lastKnownFileType = text.json; path = categories.json; sourceTree = "<group>"; xcLanguageSpecificationIdentifier = xcode.lang.json; };
		5FB2BB8E253AE1C000D6652B /* song-1.mp3 */ = {isa = PBXFileReference; lastKnownFileType = audio.mp3; path = "song-1.mp3"; sourceTree = "<group>"; };
		5FB2BB8F253AE1C100D6652B /* song-2.mp3 */ = {isa = PBXFileReference; lastKnownFileType = audio.mp3; path = "song-2.mp3"; sourceTree = "<group>"; };
		5FB2BB90253AE1C100D6652B /* song-0.mp3 */ = {isa = PBXFileReference; lastKnownFileType = audio.mp3; path = "song-0.mp3"; sourceTree = "<group>"; };
		5FB2BB91253AE1C100D6652B /* free-song.mp3 */ = {isa = PBXFileReference; lastKnownFileType = audio.mp3; path = "free-song.mp3"; sourceTree = "<group>"; };
		5FB2BBA2253AE2F000D6652B /* SongViewController.swift */ = {isa = PBXFileReference; lastKnownFileType = sourcecode.swift; path = SongViewController.swift; sourceTree = SOURCE_ROOT; };
		5FB2BBA7253AE32A00D6652B /* AlbumViewController.swift */ = {isa = PBXFileReference; lastKnownFileType = sourcecode.swift; path = AlbumViewController.swift; sourceTree = SOURCE_ROOT; };
		5FB2BBAC253AE55800D6652B /* Song.swift */ = {isa = PBXFileReference; lastKnownFileType = sourcecode.swift; path = Song.swift; sourceTree = "<group>"; };
		5FB2BBB1253AE56B00D6652B /* Album.swift */ = {isa = PBXFileReference; lastKnownFileType = sourcecode.swift; path = Album.swift; sourceTree = "<group>"; };
		5FB2BBB6253AE58500D6652B /* Category.swift */ = {isa = PBXFileReference; lastKnownFileType = sourcecode.swift; path = Category.swift; sourceTree = "<group>"; };
		5FB2BBC0253AE91900D6652B /* CategoryService.swift */ = {isa = PBXFileReference; lastKnownFileType = sourcecode.swift; path = CategoryService.swift; sourceTree = "<group>"; };
		5FB2BBC8253AE92A00D6652B /* AlbumService.swift */ = {isa = PBXFileReference; lastKnownFileType = sourcecode.swift; path = AlbumService.swift; sourceTree = "<group>"; };
		5FB2BBCD253AE95A00D6652B /* SongService.swift */ = {isa = PBXFileReference; lastKnownFileType = sourcecode.swift; path = SongService.swift; sourceTree = "<group>"; };
		5FB5B175253B9B150096305A /* AlbumCell.swift */ = {isa = PBXFileReference; lastKnownFileType = sourcecode.swift; path = AlbumCell.swift; sourceTree = "<group>"; };
/* End PBXFileReference section */

/* Begin PBXFrameworksBuildPhase section */
		5FB2BB50253ADE7900D6652B /* Frameworks */ = {
			isa = PBXFrameworksBuildPhase;
			buildActionMask = 2147483647;
			files = (
			);
			runOnlyForDeploymentPostprocessing = 0;
		};
		5FB2BB66253ADE7C00D6652B /* Frameworks */ = {
			isa = PBXFrameworksBuildPhase;
			buildActionMask = 2147483647;
			files = (
			);
			runOnlyForDeploymentPostprocessing = 0;
		};
		5FB2BB71253ADE7C00D6652B /* Frameworks */ = {
			isa = PBXFrameworksBuildPhase;
			buildActionMask = 2147483647;
			files = (
			);
			runOnlyForDeploymentPostprocessing = 0;
		};
/* End PBXFrameworksBuildPhase section */

/* Begin PBXGroup section */
		5FB2BB4A253ADE7900D6652B = {
			isa = PBXGroup;
			children = (
				5FB2BB55253ADE7900D6652B /* !SPOTIFY! */,
				5FB2BB6C253ADE7C00D6652B /* !SPOTIFY!Tests */,
				5FB2BB77253ADE7C00D6652B /* !SPOTIFY!UITests */,
				5FB2BB54253ADE7900D6652B /* Products */,
			);
			sourceTree = "<group>";
		};
		5FB2BB54253ADE7900D6652B /* Products */ = {
			isa = PBXGroup;
			children = (
				5FB2BB53253ADE7900D6652B /* !SPOTIFY!.app */,
				5FB2BB69253ADE7C00D6652B /* !SPOTIFY!Tests.xctest */,
				5FB2BB74253ADE7C00D6652B /* !SPOTIFY!UITests.xctest */,
			);
			name = Products;
			sourceTree = "<group>";
		};
		5FB2BB55253ADE7900D6652B /* !SPOTIFY! */ = {
			isa = PBXGroup;
			children = (
				5FB2BBBB253AE5BF00D6652B /* Models */,
				5FB2BB99253AE27400D6652B /* Supporting Files */,
				5FB2BB9A253AE28D00D6652B /* Controllers */,
				5FB2BB9E253AE29C00D6652B /* Views */,
				5FB2BB5F253ADE7B00D6652B /* Assets.xcassets */,
				5FB2BB61253ADE7B00D6652B /* LaunchScreen.storyboard */,
				5FB2BB64253ADE7B00D6652B /* Info.plist */,
			);
			path = "!SPOTIFY!";
			sourceTree = "<group>";
		};
		5FB2BB6C253ADE7C00D6652B /* !SPOTIFY!Tests */ = {
			isa = PBXGroup;
			children = (
				5FB2BB6D253ADE7C00D6652B /* _SPOTIFY_Tests.swift */,
				5FB2BB6F253ADE7C00D6652B /* Info.plist */,
			);
			path = "!SPOTIFY!Tests";
			sourceTree = "<group>";
		};
		5FB2BB77253ADE7C00D6652B /* !SPOTIFY!UITests */ = {
			isa = PBXGroup;
			children = (
				5FB2BB78253ADE7C00D6652B /* _SPOTIFY_UITests.swift */,
				5FB2BB7A253ADE7C00D6652B /* Info.plist */,
			);
			path = "!SPOTIFY!UITests";
			sourceTree = "<group>";
		};
		5FB2BB99253AE27400D6652B /* Supporting Files */ = {
			isa = PBXGroup;
			children = (
				5FB2BB91253AE1C100D6652B /* free-song.mp3 */,
				5FB2BB90253AE1C100D6652B /* song-0.mp3 */,
				5FB2BB8E253AE1C000D6652B /* song-1.mp3 */,
				5FB2BB8F253AE1C100D6652B /* song-2.mp3 */,
				5FB2BB89253AE14E00D6652B /* categories.json */,
				5FB2BB56253ADE7900D6652B /* AppDelegate.swift */,
				5FB2BB58253ADE7900D6652B /* SceneDelegate.swift */,
			);
			path = "Supporting Files";
			sourceTree = "<group>";
		};
		5FB2BB9A253AE28D00D6652B /* Controllers */ = {
			isa = PBXGroup;
			children = (
				5FB2BB5A253ADE7900D6652B /* HomeViewController.swift */,
				5FB2BBA2253AE2F000D6652B /* SongViewController.swift */,
				5FB2BBA7253AE32A00D6652B /* AlbumViewController.swift */,
			);
			path = Controllers;
			sourceTree = "<group>";
		};
		5FB2BB9E253AE29C00D6652B /* Views */ = {
			isa = PBXGroup;
			children = (
				5FB2BB5C253ADE7900D6652B /* Main.storyboard */,
				5F6042D1253B94DA0052B76C /* CategoryCell.swift */,
				5FB5B175253B9B150096305A /* AlbumCell.swift */,
			);
			path = Views;
			sourceTree = "<group>";
		};
		5FB2BBBB253AE5BF00D6652B /* Models */ = {
			isa = PBXGroup;
			children = (
				5FB2BBBF253AE8FE00D6652B /* Service */,
				5FB2BBB1253AE56B00D6652B /* Album.swift */,
				5FB2BBAC253AE55800D6652B /* Song.swift */,
				5FB2BBB6253AE58500D6652B /* Category.swift */,
			);
			path = Models;
			sourceTree = "<group>";
		};
		5FB2BBBF253AE8FE00D6652B /* Service */ = {
			isa = PBXGroup;
			children = (
				5FB2BBC0253AE91900D6652B /* CategoryService.swift */,
				5FB2BBC8253AE92A00D6652B /* AlbumService.swift */,
				5FB2BBCD253AE95A00D6652B /* SongService.swift */,
			);
			path = Service;
			sourceTree = "<group>";
		};
/* End PBXGroup section */

/* Begin PBXNativeTarget section */
		5FB2BB52253ADE7900D6652B /* !SPOTIFY! */ = {
			isa = PBXNativeTarget;
			buildConfigurationList = 5FB2BB7D253ADE7C00D6652B /* Build configuration list for PBXNativeTarget "!SPOTIFY!" */;
			buildPhases = (
				5FB2BB4F253ADE7900D6652B /* Sources */,
				5FB2BB50253ADE7900D6652B /* Frameworks */,
				5FB2BB51253ADE7900D6652B /* Resources */,
			);
			buildRules = (
			);
			dependencies = (
			);
			name = "!SPOTIFY!";
			productName = "!SPOTIFY!";
			productReference = 5FB2BB53253ADE7900D6652B /* !SPOTIFY!.app */;
			productType = "com.apple.product-type.application";
		};
		5FB2BB68253ADE7C00D6652B /* !SPOTIFY!Tests */ = {
			isa = PBXNativeTarget;
			buildConfigurationList = 5FB2BB80253ADE7C00D6652B /* Build configuration list for PBXNativeTarget "!SPOTIFY!Tests" */;
			buildPhases = (
				5FB2BB65253ADE7C00D6652B /* Sources */,
				5FB2BB66253ADE7C00D6652B /* Frameworks */,
				5FB2BB67253ADE7C00D6652B /* Resources */,
			);
			buildRules = (
			);
			dependencies = (
				5FB2BB6B253ADE7C00D6652B /* PBXTargetDependency */,
			);
			name = "!SPOTIFY!Tests";
			productName = "!SPOTIFY!Tests";
			productReference = 5FB2BB69253ADE7C00D6652B /* !SPOTIFY!Tests.xctest */;
			productType = "com.apple.product-type.bundle.unit-test";
		};
		5FB2BB73253ADE7C00D6652B /* !SPOTIFY!UITests */ = {
			isa = PBXNativeTarget;
			buildConfigurationList = 5FB2BB83253ADE7C00D6652B /* Build configuration list for PBXNativeTarget "!SPOTIFY!UITests" */;
			buildPhases = (
				5FB2BB70253ADE7C00D6652B /* Sources */,
				5FB2BB71253ADE7C00D6652B /* Frameworks */,
				5FB2BB72253ADE7C00D6652B /* Resources */,
			);
			buildRules = (
			);
			dependencies = (
				5FB2BB76253ADE7C00D6652B /* PBXTargetDependency */,
			);
			name = "!SPOTIFY!UITests";
			productName = "!SPOTIFY!UITests";
			productReference = 5FB2BB74253ADE7C00D6652B /* !SPOTIFY!UITests.xctest */;
			productType = "com.apple.product-type.bundle.ui-testing";
		};
/* End PBXNativeTarget section */

/* Begin PBXProject section */
		5FB2BB4B253ADE7900D6652B /* Project object */ = {
			isa = PBXProject;
			attributes = {
				LastSwiftUpdateCheck = 1200;
				LastUpgradeCheck = 1200;
				TargetAttributes = {
					5FB2BB52253ADE7900D6652B = {
						CreatedOnToolsVersion = 12.0.1;
					};
					5FB2BB68253ADE7C00D6652B = {
						CreatedOnToolsVersion = 12.0.1;
						TestTargetID = 5FB2BB52253ADE7900D6652B;
					};
					5FB2BB73253ADE7C00D6652B = {
						CreatedOnToolsVersion = 12.0.1;
						TestTargetID = 5FB2BB52253ADE7900D6652B;
					};
				};
			};
			buildConfigurationList = 5FB2BB4E253ADE7900D6652B /* Build configuration list for PBXProject "!SPOTIFY!" */;
			compatibilityVersion = "Xcode 9.3";
			developmentRegion = en;
			hasScannedForEncodings = 0;
			knownRegions = (
				en,
				Base,
			);
			mainGroup = 5FB2BB4A253ADE7900D6652B;
			productRefGroup = 5FB2BB54253ADE7900D6652B /* Products */;
			projectDirPath = "";
			projectRoot = "";
			targets = (
				5FB2BB52253ADE7900D6652B /* !SPOTIFY! */,
				5FB2BB68253ADE7C00D6652B /* !SPOTIFY!Tests */,
				5FB2BB73253ADE7C00D6652B /* !SPOTIFY!UITests */,
			);
		};
/* End PBXProject section */

/* Begin PBXResourcesBuildPhase section */
		5FB2BB51253ADE7900D6652B /* Resources */ = {
			isa = PBXResourcesBuildPhase;
			buildActionMask = 2147483647;
			files = (
				5FB2BB92253AE1C100D6652B /* song-1.mp3 in Resources */,
				5FB2BB95253AE1C100D6652B /* free-song.mp3 in Resources */,
				5FB2BB63253ADE7B00D6652B /* LaunchScreen.storyboard in Resources */,
				5FB2BB8A253AE14E00D6652B /* categories.json in Resources */,
				5FB2BB94253AE1C100D6652B /* song-0.mp3 in Resources */,
				5FB2BB60253ADE7B00D6652B /* Assets.xcassets in Resources */,
				5FB2BB93253AE1C100D6652B /* song-2.mp3 in Resources */,
				5FB2BB5E253ADE7900D6652B /* Main.storyboard in Resources */,
			);
			runOnlyForDeploymentPostprocessing = 0;
		};
		5FB2BB67253ADE7C00D6652B /* Resources */ = {
			isa = PBXResourcesBuildPhase;
			buildActionMask = 2147483647;
			files = (
			);
			runOnlyForDeploymentPostprocessing = 0;
		};
		5FB2BB72253ADE7C00D6652B /* Resources */ = {
			isa = PBXResourcesBuildPhase;
			buildActionMask = 2147483647;
			files = (
			);
			runOnlyForDeploymentPostprocessing = 0;
		};
/* End PBXResourcesBuildPhase section */

/* Begin PBXSourcesBuildPhase section */
		5FB2BB4F253ADE7900D6652B /* Sources */ = {
			isa = PBXSourcesBuildPhase;
			buildActionMask = 2147483647;
			files = (
				5FB2BBAD253AE55800D6652B /* Song.swift in Sources */,
				5FB5B176253B9B150096305A /* AlbumCell.swift in Sources */,
				5FB2BB5B253ADE7900D6652B /* HomeViewController.swift in Sources */,
				5FB2BBA8253AE32A00D6652B /* AlbumViewController.swift in Sources */,
				5FB2BBC9253AE92A00D6652B /* AlbumService.swift in Sources */,
				5FB2BBCE253AE95A00D6652B /* SongService.swift in Sources */,
				5FB2BBC1253AE91900D6652B /* CategoryService.swift in Sources */,
				5FB2BBA3253AE2F000D6652B /* SongViewController.swift in Sources */,
				5FB2BB57253ADE7900D6652B /* AppDelegate.swift in Sources */,
				5FB2BBB2253AE56B00D6652B /* Album.swift in Sources */,
				5FB2BB59253ADE7900D6652B /* SceneDelegate.swift in Sources */,
				5FB2BBB7253AE58500D6652B /* Category.swift in Sources */,
				5F6042D2253B94DA0052B76C /* CategoryCell.swift in Sources */,
			);
			runOnlyForDeploymentPostprocessing = 0;
		};
		5FB2BB65253ADE7C00D6652B /* Sources */ = {
			isa = PBXSourcesBuildPhase;
			buildActionMask = 2147483647;
			files = (
				5FB2BB6E253ADE7C00D6652B /* _SPOTIFY_Tests.swift in Sources */,
			);
			runOnlyForDeploymentPostprocessing = 0;
		};
		5FB2BB70253ADE7C00D6652B /* Sources */ = {
			isa = PBXSourcesBuildPhase;
			buildActionMask = 2147483647;
			files = (
				5FB2BB79253ADE7C00D6652B /* _SPOTIFY_UITests.swift in Sources */,
			);
			runOnlyForDeploymentPostprocessing = 0;
		};
/* End PBXSourcesBuildPhase section */

/* Begin PBXTargetDependency section */
		5FB2BB6B253ADE7C00D6652B /* PBXTargetDependency */ = {
			isa = PBXTargetDependency;
			target = 5FB2BB52253ADE7900D6652B /* !SPOTIFY! */;
			targetProxy = 5FB2BB6A253ADE7C00D6652B /* PBXContainerItemProxy */;
		};
		5FB2BB76253ADE7C00D6652B /* PBXTargetDependency */ = {
			isa = PBXTargetDependency;
			target = 5FB2BB52253ADE7900D6652B /* !SPOTIFY! */;
			targetProxy = 5FB2BB75253ADE7C00D6652B /* PBXContainerItemProxy */;
		};
/* End PBXTargetDependency section */

/* Begin PBXVariantGroup section */
		5FB2BB5C253ADE7900D6652B /* Main.storyboard */ = {
			isa = PBXVariantGroup;
			children = (
				5FB2BB5D253ADE7900D6652B /* Base */,
			);
			name = Main.storyboard;
			sourceTree = "<group>";
		};
		5FB2BB61253ADE7B00D6652B /* LaunchScreen.storyboard */ = {
			isa = PBXVariantGroup;
			children = (
				5FB2BB62253ADE7B00D6652B /* Base */,
			);
			name = LaunchScreen.storyboard;
			sourceTree = "<group>";
		};
/* End PBXVariantGroup section */

/* Begin XCBuildConfiguration section */
		5FB2BB7B253ADE7C00D6652B /* Debug */ = {
			isa = XCBuildConfiguration;
			buildSettings = {
				ALWAYS_SEARCH_USER_PATHS = NO;
				CLANG_ANALYZER_NONNULL = YES;
				CLANG_ANALYZER_NUMBER_OBJECT_CONVERSION = YES_AGGRESSIVE;
				CLANG_CXX_LANGUAGE_STANDARD = "gnu++14";
				CLANG_CXX_LIBRARY = "libc++";
				CLANG_ENABLE_MODULES = YES;
				CLANG_ENABLE_OBJC_ARC = YES;
				CLANG_ENABLE_OBJC_WEAK = YES;
				CLANG_WARN_BLOCK_CAPTURE_AUTORELEASING = YES;
				CLANG_WARN_BOOL_CONVERSION = YES;
				CLANG_WARN_COMMA = YES;
				CLANG_WARN_CONSTANT_CONVERSION = YES;
				CLANG_WARN_DEPRECATED_OBJC_IMPLEMENTATIONS = YES;
				CLANG_WARN_DIRECT_OBJC_ISA_USAGE = YES_ERROR;
				CLANG_WARN_DOCUMENTATION_COMMENTS = YES;
				CLANG_WARN_EMPTY_BODY = YES;
				CLANG_WARN_ENUM_CONVERSION = YES;
				CLANG_WARN_INFINITE_RECURSION = YES;
				CLANG_WARN_INT_CONVERSION = YES;
				CLANG_WARN_NON_LITERAL_NULL_CONVERSION = YES;
				CLANG_WARN_OBJC_IMPLICIT_RETAIN_SELF = YES;
				CLANG_WARN_OBJC_LITERAL_CONVERSION = YES;
				CLANG_WARN_OBJC_ROOT_CLASS = YES_ERROR;
				CLANG_WARN_QUOTED_INCLUDE_IN_FRAMEWORK_HEADER = YES;
				CLANG_WARN_RANGE_LOOP_ANALYSIS = YES;
				CLANG_WARN_STRICT_PROTOTYPES = YES;
				CLANG_WARN_SUSPICIOUS_MOVE = YES;
				CLANG_WARN_UNGUARDED_AVAILABILITY = YES_AGGRESSIVE;
				CLANG_WARN_UNREACHABLE_CODE = YES;
				CLANG_WARN__DUPLICATE_METHOD_MATCH = YES;
				COPY_PHASE_STRIP = NO;
				DEBUG_INFORMATION_FORMAT = dwarf;
				ENABLE_STRICT_OBJC_MSGSEND = YES;
				ENABLE_TESTABILITY = YES;
				GCC_C_LANGUAGE_STANDARD = gnu11;
				GCC_DYNAMIC_NO_PIC = NO;
				GCC_NO_COMMON_BLOCKS = YES;
				GCC_OPTIMIZATION_LEVEL = 0;
				GCC_PREPROCESSOR_DEFINITIONS = (
					"DEBUG=1",
					"$(inherited)",
				);
				GCC_WARN_64_TO_32_BIT_CONVERSION = YES;
				GCC_WARN_ABOUT_RETURN_TYPE = YES_ERROR;
				GCC_WARN_UNDECLARED_SELECTOR = YES;
				GCC_WARN_UNINITIALIZED_AUTOS = YES_AGGRESSIVE;
				GCC_WARN_UNUSED_FUNCTION = YES;
				GCC_WARN_UNUSED_VARIABLE = YES;
				IPHONEOS_DEPLOYMENT_TARGET = 14.0;
				MTL_ENABLE_DEBUG_INFO = INCLUDE_SOURCE;
				MTL_FAST_MATH = YES;
				ONLY_ACTIVE_ARCH = YES;
				SDKROOT = iphoneos;
				SWIFT_ACTIVE_COMPILATION_CONDITIONS = DEBUG;
				SWIFT_OPTIMIZATION_LEVEL = "-Onone";
			};
			name = Debug;
		};
		5FB2BB7C253ADE7C00D6652B /* Release */ = {
			isa = XCBuildConfiguration;
			buildSettings = {
				ALWAYS_SEARCH_USER_PATHS = NO;
				CLANG_ANALYZER_NONNULL = YES;
				CLANG_ANALYZER_NUMBER_OBJECT_CONVERSION = YES_AGGRESSIVE;
				CLANG_CXX_LANGUAGE_STANDARD = "gnu++14";
				CLANG_CXX_LIBRARY = "libc++";
				CLANG_ENABLE_MODULES = YES;
				CLANG_ENABLE_OBJC_ARC = YES;
				CLANG_ENABLE_OBJC_WEAK = YES;
				CLANG_WARN_BLOCK_CAPTURE_AUTORELEASING = YES;
				CLANG_WARN_BOOL_CONVERSION = YES;
				CLANG_WARN_COMMA = YES;
				CLANG_WARN_CONSTANT_CONVERSION = YES;
				CLANG_WARN_DEPRECATED_OBJC_IMPLEMENTATIONS = YES;
				CLANG_WARN_DIRECT_OBJC_ISA_USAGE = YES_ERROR;
				CLANG_WARN_DOCUMENTATION_COMMENTS = YES;
				CLANG_WARN_EMPTY_BODY = YES;
				CLANG_WARN_ENUM_CONVERSION = YES;
				CLANG_WARN_INFINITE_RECURSION = YES;
				CLANG_WARN_INT_CONVERSION = YES;
				CLANG_WARN_NON_LITERAL_NULL_CONVERSION = YES;
				CLANG_WARN_OBJC_IMPLICIT_RETAIN_SELF = YES;
				CLANG_WARN_OBJC_LITERAL_CONVERSION = YES;
				CLANG_WARN_OBJC_ROOT_CLASS = YES_ERROR;
				CLANG_WARN_QUOTED_INCLUDE_IN_FRAMEWORK_HEADER = YES;
				CLANG_WARN_RANGE_LOOP_ANALYSIS = YES;
				CLANG_WARN_STRICT_PROTOTYPES = YES;
				CLANG_WARN_SUSPICIOUS_MOVE = YES;
				CLANG_WARN_UNGUARDED_AVAILABILITY = YES_AGGRESSIVE;
				CLANG_WARN_UNREACHABLE_CODE = YES;
				CLANG_WARN__DUPLICATE_METHOD_MATCH = YES;
				COPY_PHASE_STRIP = NO;
				DEBUG_INFORMATION_FORMAT = "dwarf-with-dsym";
				ENABLE_NS_ASSERTIONS = NO;
				ENABLE_STRICT_OBJC_MSGSEND = YES;
				GCC_C_LANGUAGE_STANDARD = gnu11;
				GCC_NO_COMMON_BLOCKS = YES;
				GCC_WARN_64_TO_32_BIT_CONVERSION = YES;
				GCC_WARN_ABOUT_RETURN_TYPE = YES_ERROR;
				GCC_WARN_UNDECLARED_SELECTOR = YES;
				GCC_WARN_UNINITIALIZED_AUTOS = YES_AGGRESSIVE;
				GCC_WARN_UNUSED_FUNCTION = YES;
				GCC_WARN_UNUSED_VARIABLE = YES;
				IPHONEOS_DEPLOYMENT_TARGET = 14.0;
				MTL_ENABLE_DEBUG_INFO = NO;
				MTL_FAST_MATH = YES;
				SDKROOT = iphoneos;
				SWIFT_COMPILATION_MODE = wholemodule;
				SWIFT_OPTIMIZATION_LEVEL = "-O";
				VALIDATE_PRODUCT = YES;
			};
			name = Release;
		};
		5FB2BB7E253ADE7C00D6652B /* Debug */ = {
			isa = XCBuildConfiguration;
			buildSettings = {
				ASSETCATALOG_COMPILER_APPICON_NAME = AppIcon;
				ASSETCATALOG_COMPILER_GLOBAL_ACCENT_COLOR_NAME = AccentColor;
				CODE_SIGN_STYLE = Automatic;
				DEVELOPMENT_TEAM = T7D2CW4K8R;
				INFOPLIST_FILE = "!SPOTIFY!/Info.plist";
				LD_RUNPATH_SEARCH_PATHS = (
					"$(inherited)",
					"@executable_path/Frameworks",
				);
				PRODUCT_BUNDLE_IDENTIFIER = "com.eMscully.-SPOTIFY-";
				PRODUCT_NAME = "$(TARGET_NAME)";
				SWIFT_VERSION = 5.0;
				TARGETED_DEVICE_FAMILY = "1,2";
			};
			name = Debug;
		};
		5FB2BB7F253ADE7C00D6652B /* Release */ = {
			isa = XCBuildConfiguration;
			buildSettings = {
				ASSETCATALOG_COMPILER_APPICON_NAME = AppIcon;
				ASSETCATALOG_COMPILER_GLOBAL_ACCENT_COLOR_NAME = AccentColor;
				CODE_SIGN_STYLE = Automatic;
				DEVELOPMENT_TEAM = T7D2CW4K8R;
				INFOPLIST_FILE = "!SPOTIFY!/Info.plist";
				LD_RUNPATH_SEARCH_PATHS = (
					"$(inherited)",
					"@executable_path/Frameworks",
				);
				PRODUCT_BUNDLE_IDENTIFIER = "com.eMscully.-SPOTIFY-";
				PRODUCT_NAME = "$(TARGET_NAME)";
				SWIFT_VERSION = 5.0;
				TARGETED_DEVICE_FAMILY = "1,2";
			};
			name = Release;
		};
		5FB2BB81253ADE7C00D6652B /* Debug */ = {
			isa = XCBuildConfiguration;
			buildSettings = {
				ALWAYS_EMBED_SWIFT_STANDARD_LIBRARIES = YES;
				BUNDLE_LOADER = "$(TEST_HOST)";
				CODE_SIGN_STYLE = Automatic;
				DEVELOPMENT_TEAM = T7D2CW4K8R;
				INFOPLIST_FILE = "!SPOTIFY!Tests/Info.plist";
				IPHONEOS_DEPLOYMENT_TARGET = 14.0;
				LD_RUNPATH_SEARCH_PATHS = (
					"$(inherited)",
					"@executable_path/Frameworks",
					"@loader_path/Frameworks",
				);
				PRODUCT_BUNDLE_IDENTIFIER = "com.eMscully.-SPOTIFY-Tests";
				PRODUCT_NAME = "$(TARGET_NAME)";
				SWIFT_VERSION = 5.0;
				TARGETED_DEVICE_FAMILY = "1,2";
				TEST_HOST = "$(BUILT_PRODUCTS_DIR)/!SPOTIFY!.app/!SPOTIFY!";
			};
			name = Debug;
		};
		5FB2BB82253ADE7C00D6652B /* Release */ = {
			isa = XCBuildConfiguration;
			buildSettings = {
				ALWAYS_EMBED_SWIFT_STANDARD_LIBRARIES = YES;
				BUNDLE_LOADER = "$(TEST_HOST)";
				CODE_SIGN_STYLE = Automatic;
				DEVELOPMENT_TEAM = T7D2CW4K8R;
				INFOPLIST_FILE = "!SPOTIFY!Tests/Info.plist";
				IPHONEOS_DEPLOYMENT_TARGET = 14.0;
				LD_RUNPATH_SEARCH_PATHS = (
					"$(inherited)",
					"@executable_path/Frameworks",
					"@loader_path/Frameworks",
				);
				PRODUCT_BUNDLE_IDENTIFIER = "com.eMscully.-SPOTIFY-Tests";
				PRODUCT_NAME = "$(TARGET_NAME)";
				SWIFT_VERSION = 5.0;
				TARGETED_DEVICE_FAMILY = "1,2";
				TEST_HOST = "$(BUILT_PRODUCTS_DIR)/!SPOTIFY!.app/!SPOTIFY!";
			};
			name = Release;
		};
		5FB2BB84253ADE7C00D6652B /* Debug */ = {
			isa = XCBuildConfiguration;
			buildSettings = {
				ALWAYS_EMBED_SWIFT_STANDARD_LIBRARIES = YES;
				CODE_SIGN_STYLE = Automatic;
				DEVELOPMENT_TEAM = T7D2CW4K8R;
				INFOPLIST_FILE = "!SPOTIFY!UITests/Info.plist";
				LD_RUNPATH_SEARCH_PATHS = (
					"$(inherited)",
					"@executable_path/Frameworks",
					"@loader_path/Frameworks",
				);
				PRODUCT_BUNDLE_IDENTIFIER = "com.eMscully.-SPOTIFY-UITests";
				PRODUCT_NAME = "$(TARGET_NAME)";
				SWIFT_VERSION = 5.0;
				TARGETED_DEVICE_FAMILY = "1,2";
				TEST_TARGET_NAME = "!SPOTIFY!";
			};
			name = Debug;
		};
		5FB2BB85253ADE7C00D6652B /* Release */ = {
			isa = XCBuildConfiguration;
			buildSettings = {
				ALWAYS_EMBED_SWIFT_STANDARD_LIBRARIES = YES;
				CODE_SIGN_STYLE = Automatic;
				DEVELOPMENT_TEAM = T7D2CW4K8R;
				INFOPLIST_FILE = "!SPOTIFY!UITests/Info.plist";
				LD_RUNPATH_SEARCH_PATHS = (
					"$(inherited)",
					"@executable_path/Frameworks",
					"@loader_path/Frameworks",
				);
				PRODUCT_BUNDLE_IDENTIFIER = "com.eMscully.-SPOTIFY-UITests";
				PRODUCT_NAME = "$(TARGET_NAME)";
				SWIFT_VERSION = 5.0;
				TARGETED_DEVICE_FAMILY = "1,2";
				TEST_TARGET_NAME = "!SPOTIFY!";
			};
			name = Release;
		};
/* End XCBuildConfiguration section */

/* Begin XCConfigurationList section */
		5FB2BB4E253ADE7900D6652B /* Build configuration list for PBXProject "!SPOTIFY!" */ = {
			isa = XCConfigurationList;
			buildConfigurations = (
				5FB2BB7B253ADE7C00D6652B /* Debug */,
				5FB2BB7C253ADE7C00D6652B /* Release */,
			);
			defaultConfigurationIsVisible = 0;
			defaultConfigurationName = Release;
		};
		5FB2BB7D253ADE7C00D6652B /* Build configuration list for PBXNativeTarget "!SPOTIFY!" */ = {
			isa = XCConfigurationList;
			buildConfigurations = (
				5FB2BB7E253ADE7C00D6652B /* Debug */,
				5FB2BB7F253ADE7C00D6652B /* Release */,
			);
			defaultConfigurationIsVisible = 0;
			defaultConfigurationName = Release;
		};
		5FB2BB80253ADE7C00D6652B /* Build configuration list for PBXNativeTarget "!SPOTIFY!Tests" */ = {
			isa = XCConfigurationList;
			buildConfigurations = (
				5FB2BB81253ADE7C00D6652B /* Debug */,
				5FB2BB82253ADE7C00D6652B /* Release */,
			);
			defaultConfigurationIsVisible = 0;
			defaultConfigurationName = Release;
		};
		5FB2BB83253ADE7C00D6652B /* Build configuration list for PBXNativeTarget "!SPOTIFY!UITests" */ = {
			isa = XCConfigurationList;
			buildConfigurations = (
				5FB2BB84253ADE7C00D6652B /* Debug */,
				5FB2BB85253ADE7C00D6652B /* Release */,
			);
			defaultConfigurationIsVisible = 0;
			defaultConfigurationName = Release;
		};
/* End XCConfigurationList section */
	};
	rootObject = 5FB2BB4B253ADE7900D6652B /* Project object */;
}
